{
  "object": {
    "pins": [
      {
        "package": "UIPilot",
        "repositoryURL": "https://github.com/canopas/UIPilot.git",
        "state": {
          "branch": null,
          "revision": "3200fdd6cd0c8a7de429dc37ed1fb03f4f2ac21a",
          "version": "1.1.5"
        }
      }
    ]
  },
  "version": 1
}
