{
  "pins" : [
    {
      "identity" : "uipilot",
      "kind" : "remoteSourceControl",
      "location" : "https://github.com/canopas/UIPilot",
      "state" : {
        "branch" : "navigation-stack-ios-16",
        "revision" : "a4ee53b7089a152cbfd689c3cae2027dc156fa09"
      }
    }
  ],
  "version" : 2
}
